
Microsoft Visual Studio Solution File, Format Version 12.00
# Visual Studio Version 17
VisualStudioVersion = 17.0.31903.59
MinimumVisualStudioVersion = 10.0.40219.1
Project("{2150E333-8FDC-42A3-9474-1A3956D46DE8}") = "src", "src", "{A9E03FA2-0812-4BC3-9B17-C604F5004FEB}"
EndProject
Project("{2150E333-8FDC-42A3-9474-1A3956D46DE8}") = "tests", "tests", "{E52DFA58-B326-4BA4-96C9-2640B32D0FEC}"
EndProject
Project("{F184B08F-C81C-45F6-A57F-5ABD9991F28F}") = "PhotoMontage.Core.Tests", "tests\PhotoMontage.Core.Tests\PhotoMontage.Core.Tests.vbproj", "{CFDD34F8-9127-449F-965D-BA50BC92455C}"
EndProject
Project("{F184B08F-C81C-45F6-A57F-5ABD9991F28F}") = "PhotoMontage.WinForms", "src\PhotoMontage.WinForms\PhotoMontage.WinForms.vbproj", "{CFD193ED-C6AC-4684-810E-BF8DDDC3E8A1}"
EndProject
Project("{F184B08F-C81C-45F6-A57F-5ABD9991F28F}") = "PhotoMontage.App", "src\PhotoMontage.App\PhotoMontage.App.vbproj", "{08E7B496-7F46-4E7B-8224-E393F0D2C023}"
EndProject
Project("{F184B08F-C81C-45F6-A57F-5ABD9991F28F}") = "PhotoMontage.Core", "src\PhotoMontage.Core\PhotoMontage.Core.vbproj", "{9EA9C606-DEC2-4881-A2C3-619D5748B33A}"
EndProject
Global
	GlobalSection(SolutionConfigurationPlatforms) = preSolution
		Debug|Any CPU = Debug|Any CPU
		Release|Any CPU = Release|Any CPU
	EndGlobalSection
	GlobalSection(SolutionProperties) = preSolution
		HideSolutionNode = FALSE
	EndGlobalSection
	GlobalSection(ProjectConfigurationPlatforms) = postSolution
		{CFDD34F8-9127-449F-965D-BA50BC92455C}.Debug|Any CPU.ActiveCfg = Debug|Any CPU
		{CFDD34F8-9127-449F-965D-BA50BC92455C}.Debug|Any CPU.Build.0 = Debug|Any CPU
		{CFDD34F8-9127-449F-965D-BA50BC92455C}.Release|Any CPU.ActiveCfg = Release|Any CPU
		{CFDD34F8-9127-449F-965D-BA50BC92455C}.Release|Any CPU.Build.0 = Release|Any CPU
		{CFD193ED-C6AC-4684-810E-BF8DDDC3E8A1}.Debug|Any CPU.ActiveCfg = Debug|Any CPU
		{CFD193ED-C6AC-4684-810E-BF8DDDC3E8A1}.Debug|Any CPU.Build.0 = Debug|Any CPU
		{CFD193ED-C6AC-4684-810E-BF8DDDC3E8A1}.Release|Any CPU.ActiveCfg = Release|Any CPU
		{CFD193ED-C6AC-4684-810E-BF8DDDC3E8A1}.Release|Any CPU.Build.0 = Release|Any CPU
		{08E7B496-7F46-4E7B-8224-E393F0D2C023}.Debug|Any CPU.ActiveCfg = Debug|Any CPU
		{08E7B496-7F46-4E7B-8224-E393F0D2C023}.Debug|Any CPU.Build.0 = Debug|Any CPU
		{08E7B496-7F46-4E7B-8224-E393F0D2C023}.Release|Any CPU.ActiveCfg = Release|Any CPU
		{08E7B496-7F46-4E7B-8224-E393F0D2C023}.Release|Any CPU.Build.0 = Release|Any CPU
		{9EA9C606-DEC2-4881-A2C3-619D5748B33A}.Debug|Any CPU.ActiveCfg = Debug|Any CPU
		{9EA9C606-DEC2-4881-A2C3-619D5748B33A}.Debug|Any CPU.Build.0 = Debug|Any CPU
		{9EA9C606-DEC2-4881-A2C3-619D5748B33A}.Release|Any CPU.ActiveCfg = Release|Any CPU
		{9EA9C606-DEC2-4881-A2C3-619D5748B33A}.Release|Any CPU.Build.0 = Release|Any CPU
	EndGlobalSection
	GlobalSection(NestedProjects) = preSolution
		{CFDD34F8-9127-449F-965D-BA50BC92455C} = {E52DFA58-B326-4BA4-96C9-2640B32D0FEC}
		{CFD193ED-C6AC-4684-810E-BF8DDDC3E8A1} = {A9E03FA2-0812-4BC3-9B17-C604F5004FEB}
		{08E7B496-7F46-4E7B-8224-E393F0D2C023} = {A9E03FA2-0812-4BC3-9B17-C604F5004FEB}
		{9EA9C606-DEC2-4881-A2C3-619D5748B33A} = {A9E03FA2-0812-4BC3-9B17-C604F5004FEB}
	EndGlobalSection
EndGlobal
